// !$*UTF8*$!
{
	archiveVersion = 1;
	classes = {
	};
	objectVersion = 46;
	objects = {

/* Begin PBXBuildFile section */
		882146021702275B00DEED11 /* Placeholder.png in Resources */ = {isa = PBXBuildFile; fileRef = 882146001702275B00DEED11 /* Placeholder.png */; };
		882146031702275B00DEED11 /* Placeholder@2x.png in Resources */ = {isa = PBXBuildFile; fileRef = 882146011702275B00DEED11 /* Placeholder@2x.png */; };
		883AC04017066238006351B1 /* PSProductSize.m in Sources */ = {isa = PBXBuildFile; fileRef = 883AC03F17066237006351B1 /* PSProductSize.m */; };
		883AC0431706625A006351B1 /* PSProductColor.m in Sources */ = {isa = PBXBuildFile; fileRef = 883AC04217066259006351B1 /* PSProductColor.m */; };
		88730A8616CEBE210070885F /* PSBrand.m in Sources */ = {isa = PBXBuildFile; fileRef = 88730A7416CEBE210070885F /* PSBrand.m */; };
		88730A8716CEBE210070885F /* PSCategory.m in Sources */ = {isa = PBXBuildFile; fileRef = 88730A7616CEBE210070885F /* PSCategory.m */; };
		88730A8816CEBE210070885F /* PSProduct.m in Sources */ = {isa = PBXBuildFile; fileRef = 88730A7816CEBE210070885F /* PSProduct.m */; };
		88730A8916CEBE210070885F /* PSProductImage.m in Sources */ = {isa = PBXBuildFile; fileRef = 88730A7A16CEBE210070885F /* PSProductImage.m */; };
		88730A8A16CEBE210070885F /* PSRetailer.m in Sources */ = {isa = PBXBuildFile; fileRef = 88730A7C16CEBE210070885F /* PSRetailer.m */; };
		88730A9216CEE5B20070885F /* PSColor.m in Sources */ = {isa = PBXBuildFile; fileRef = 88730A9116CEE5B20070885F /* PSColor.m */; };
		88730A9516CEF29E0070885F /* PSProductFilter.m in Sources */ = {isa = PBXBuildFile; fileRef = 88730A9416CEF29D0070885F /* PSProductFilter.m */; };
		8892724616CC0E7800C2FCED /* UIKit.framework in Frameworks */ = {isa = PBXBuildFile; fileRef = 8892724516CC0E7800C2FCED /* UIKit.framework */; };
		8892724816CC0E7800C2FCED /* Foundation.framework in Frameworks */ = {isa = PBXBuildFile; fileRef = 8892724716CC0E7800C2FCED /* Foundation.framework */; };
		8892724A16CC0E7800C2FCED /* CoreGraphics.framework in Frameworks */ = {isa = PBXBuildFile; fileRef = 8892724916CC0E7800C2FCED /* CoreGraphics.framework */; };
		8892725016CC0E7800C2FCED /* InfoPlist.strings in Resources */ = {isa = PBXBuildFile; fileRef = 8892724E16CC0E7800C2FCED /* InfoPlist.strings */; };
		8892725216CC0E7800C2FCED /* main.m in Sources */ = {isa = PBXBuildFile; fileRef = 8892725116CC0E7800C2FCED /* main.m */; };
		8892725616CC0E7800C2FCED /* AppDelegate.m in Sources */ = {isa = PBXBuildFile; fileRef = 8892725516CC0E7800C2FCED /* AppDelegate.m */; };
		8892725816CC0E7800C2FCED /* Default.png in Resources */ = {isa = PBXBuildFile; fileRef = 8892725716CC0E7800C2FCED /* Default.png */; };
		8892725A16CC0E7800C2FCED /* Default@2x.png in Resources */ = {isa = PBXBuildFile; fileRef = 8892725916CC0E7800C2FCED /* Default@2x.png */; };
		8892725C16CC0E7800C2FCED /* Default-568h@2x.png in Resources */ = {isa = PBXBuildFile; fileRef = 8892725B16CC0E7800C2FCED /* Default-568h@2x.png */; };
		8892725F16CC0E7800C2FCED /* MasterViewController.m in Sources */ = {isa = PBXBuildFile; fileRef = 8892725E16CC0E7800C2FCED /* MasterViewController.m */; };
		8892727616CC0EE100C2FCED /* SystemConfiguration.framework in Frameworks */ = {isa = PBXBuildFile; fileRef = 8892727516CC0EE100C2FCED /* SystemConfiguration.framework */; };
		8892727816CC0EE700C2FCED /* MobileCoreServices.framework in Frameworks */ = {isa = PBXBuildFile; fileRef = 8892727716CC0EE700C2FCED /* MobileCoreServices.framework */; };
		8892728D16CC0F0C00C2FCED /* AFHTTPClient.m in Sources */ = {isa = PBXBuildFile; fileRef = 8892727B16CC0F0C00C2FCED /* AFHTTPClient.m */; };
		8892728E16CC0F0C00C2FCED /* AFHTTPRequestOperation.m in Sources */ = {isa = PBXBuildFile; fileRef = 8892727D16CC0F0C00C2FCED /* AFHTTPRequestOperation.m */; };
		8892728F16CC0F0C00C2FCED /* AFImageRequestOperation.m in Sources */ = {isa = PBXBuildFile; fileRef = 8892727F16CC0F0C00C2FCED /* AFImageRequestOperation.m */; };
		8892729016CC0F0C00C2FCED /* AFJSONRequestOperation.m in Sources */ = {isa = PBXBuildFile; fileRef = 8892728116CC0F0C00C2FCED /* AFJSONRequestOperation.m */; };
		8892729116CC0F0C00C2FCED /* AFNetworkActivityIndicatorManager.m in Sources */ = {isa = PBXBuildFile; fileRef = 8892728316CC0F0C00C2FCED /* AFNetworkActivityIndicatorManager.m */; };
		8892729216CC0F0C00C2FCED /* AFPropertyListRequestOperation.m in Sources */ = {isa = PBXBuildFile; fileRef = 8892728616CC0F0C00C2FCED /* AFPropertyListRequestOperation.m */; };
		8892729316CC0F0C00C2FCED /* AFURLConnectionOperation.m in Sources */ = {isa = PBXBuildFile; fileRef = 8892728816CC0F0C00C2FCED /* AFURLConnectionOperation.m */; };
		8892729416CC0F0C00C2FCED /* AFXMLRequestOperation.m in Sources */ = {isa = PBXBuildFile; fileRef = 8892728A16CC0F0C00C2FCED /* AFXMLRequestOperation.m */; };
		8892729516CC0F0C00C2FCED /* UIImageView+AFNetworking.m in Sources */ = {isa = PBXBuildFile; fileRef = 8892728C16CC0F0C00C2FCED /* UIImageView+AFNetworking.m */; };
		889272A316CC11A900C2FCED /* PSProductQuery.m in Sources */ = {isa = PBXBuildFile; fileRef = 889272A016CC11A900C2FCED /* PSProductQuery.m */; };
		889272A416CC11A900C2FCED /* PSShoppingAPIClient.m in Sources */ = {isa = PBXBuildFile; fileRef = 889272A216CC11A900C2FCED /* PSShoppingAPIClient.m */; };
		889ABAB5170F96AC006364A5 /* PSProductCategory.m in Sources */ = {isa = PBXBuildFile; fileRef = 889ABAB4170F96AC006364A5 /* PSProductCategory.m */; };
		889ABAB8170F9DFF006364A5 /* PSCategoryTree.m in Sources */ = {isa = PBXBuildFile; fileRef = 889ABAB7170F9DFF006364A5 /* PSCategoryTree.m */; };
		AD54415816CEFE4F00CA6A1C /* BrandsViewController.m in Sources */ = {isa = PBXBuildFile; fileRef = AD54415616CEFE4F00CA6A1C /* BrandsViewController.m */; };
		AD54415D16CF0A2D00CA6A1C /* RetailersViewController.m in Sources */ = {isa = PBXBuildFile; fileRef = AD54415B16CF0A2D00CA6A1C /* RetailersViewController.m */; };
		AD54416216CF0A3A00CA6A1C /* ColorsViewController.m in Sources */ = {isa = PBXBuildFile; fileRef = AD54416016CF0A3A00CA6A1C /* ColorsViewController.m */; };
		AD54416716CF0A8000CA6A1C /* CategoriesViewController.m in Sources */ = {isa = PBXBuildFile; fileRef = AD54416516CF0A8000CA6A1C /* CategoriesViewController.m */; };
		AD54416C16CF17CA00CA6A1C /* SearchProductsViewController.m in Sources */ = {isa = PBXBuildFile; fileRef = AD54416A16CF17C900CA6A1C /* SearchProductsViewController.m */; };
		AD54417116CF181800CA6A1C /* ProductHistogramViewController.m in Sources */ = {isa = PBXBuildFile; fileRef = AD54416F16CF181800CA6A1C /* ProductHistogramViewController.m */; };
/* End PBXBuildFile section */

/* Begin PBXFileReference section */
		882146001702275B00DEED11 /* Placeholder.png */ = {isa = PBXFileReference; lastKnownFileType = image.png; path = Placeholder.png; sourceTree = "<group>"; };
		882146011702275B00DEED11 /* Placeholder@2x.png */ = {isa = PBXFileReference; lastKnownFileType = image.png; path = "Placeholder@2x.png"; sourceTree = "<group>"; };
		883AC03E17066237006351B1 /* PSProductSize.h */ = {isa = PBXFileReference; fileEncoding = 4; lastKnownFileType = sourcecode.c.h; path = PSProductSize.h; sourceTree = "<group>"; };
		883AC03F17066237006351B1 /* PSProductSize.m */ = {isa = PBXFileReference; fileEncoding = 4; lastKnownFileType = sourcecode.c.objc; path = PSProductSize.m; sourceTree = "<group>"; };
		883AC04117066259006351B1 /* PSProductColor.h */ = {isa = PBXFileReference; fileEncoding = 4; lastKnownFileType = sourcecode.c.h; path = PSProductColor.h; sourceTree = "<group>"; };
		883AC04217066259006351B1 /* PSProductColor.m */ = {isa = PBXFileReference; fileEncoding = 4; lastKnownFileType = sourcecode.c.objc; path = PSProductColor.m; sourceTree = "<group>"; };
		88730A7316CEBE210070885F /* PSBrand.h */ = {isa = PBXFileReference; fileEncoding = 4; lastKnownFileType = sourcecode.c.h; path = PSBrand.h; sourceTree = "<group>"; };
		88730A7416CEBE210070885F /* PSBrand.m */ = {isa = PBXFileReference; fileEncoding = 4; lastKnownFileType = sourcecode.c.objc; path = PSBrand.m; sourceTree = "<group>"; };
		88730A7516CEBE210070885F /* PSCategory.h */ = {isa = PBXFileReference; fileEncoding = 4; lastKnownFileType = sourcecode.c.h; path = PSCategory.h; sourceTree = "<group>"; };
		88730A7616CEBE210070885F /* PSCategory.m */ = {isa = PBXFileReference; fileEncoding = 4; lastKnownFileType = sourcecode.c.objc; path = PSCategory.m; sourceTree = "<group>"; };
		88730A7716CEBE210070885F /* PSProduct.h */ = {isa = PBXFileReference; fileEncoding = 4; lastKnownFileType = sourcecode.c.h; path = PSProduct.h; sourceTree = "<group>"; };
		88730A7816CEBE210070885F /* PSProduct.m */ = {isa = PBXFileReference; fileEncoding = 4; lastKnownFileType = sourcecode.c.objc; path = PSProduct.m; sourceTree = "<group>"; };
		88730A7916CEBE210070885F /* PSProductImage.h */ = {isa = PBXFileReference; fileEncoding = 4; lastKnownFileType = sourcecode.c.h; path = PSProductImage.h; sourceTree = "<group>"; };
		88730A7A16CEBE210070885F /* PSProductImage.m */ = {isa = PBXFileReference; fileEncoding = 4; lastKnownFileType = sourcecode.c.objc; path = PSProductImage.m; sourceTree = "<group>"; };
		88730A7B16CEBE210070885F /* PSRetailer.h */ = {isa = PBXFileReference; fileEncoding = 4; lastKnownFileType = sourcecode.c.h; path = PSRetailer.h; sourceTree = "<group>"; };
		88730A7C16CEBE210070885F /* PSRetailer.m */ = {isa = PBXFileReference; fileEncoding = 4; lastKnownFileType = sourcecode.c.objc; path = PSRetailer.m; sourceTree = "<group>"; };
		88730A8F16CECD7C0070885F /* PSShoppingAPI.h */ = {isa = PBXFileReference; fileEncoding = 4; lastKnownFileType = sourcecode.c.h; path = PSShoppingAPI.h; sourceTree = "<group>"; };
		88730A9016CEE5B10070885F /* PSColor.h */ = {isa = PBXFileReference; fileEncoding = 4; lastKnownFileType = sourcecode.c.h; path = PSColor.h; sourceTree = "<group>"; };
		88730A9116CEE5B20070885F /* PSColor.m */ = {isa = PBXFileReference; fileEncoding = 4; lastKnownFileType = sourcecode.c.objc; path = PSColor.m; sourceTree = "<group>"; };
		88730A9316CEF29C0070885F /* PSProductFilter.h */ = {isa = PBXFileReference; fileEncoding = 4; lastKnownFileType = sourcecode.c.h; path = PSProductFilter.h; sourceTree = "<group>"; };
		88730A9416CEF29D0070885F /* PSProductFilter.m */ = {isa = PBXFileReference; fileEncoding = 4; lastKnownFileType = sourcecode.c.objc; path = PSProductFilter.m; sourceTree = "<group>"; };
		8892724216CC0E7800C2FCED /* iOS Example.app */ = {isa = PBXFileReference; explicitFileType = wrapper.application; includeInIndex = 0; path = "iOS Example.app"; sourceTree = BUILT_PRODUCTS_DIR; };
		8892724516CC0E7800C2FCED /* UIKit.framework */ = {isa = PBXFileReference; lastKnownFileType = wrapper.framework; name = UIKit.framework; path = System/Library/Frameworks/UIKit.framework; sourceTree = SDKROOT; };
		8892724716CC0E7800C2FCED /* Foundation.framework */ = {isa = PBXFileReference; lastKnownFileType = wrapper.framework; name = Foundation.framework; path = System/Library/Frameworks/Foundation.framework; sourceTree = SDKROOT; };
		8892724916CC0E7800C2FCED /* CoreGraphics.framework */ = {isa = PBXFileReference; lastKnownFileType = wrapper.framework; name = CoreGraphics.framework; path = System/Library/Frameworks/CoreGraphics.framework; sourceTree = SDKROOT; };
		8892724D16CC0E7800C2FCED /* iOS Example-Info.plist */ = {isa = PBXFileReference; lastKnownFileType = text.plist.xml; path = "iOS Example-Info.plist"; sourceTree = "<group>"; };
		8892724F16CC0E7800C2FCED /* en */ = {isa = PBXFileReference; lastKnownFileType = text.plist.strings; name = en; path = en.lproj/InfoPlist.strings; sourceTree = "<group>"; };
		8892725116CC0E7800C2FCED /* main.m */ = {isa = PBXFileReference; lastKnownFileType = sourcecode.c.objc; path = main.m; sourceTree = "<group>"; };
		8892725316CC0E7800C2FCED /* iOS Example-Prefix.pch */ = {isa = PBXFileReference; lastKnownFileType = sourcecode.c.h; path = "iOS Example-Prefix.pch"; sourceTree = "<group>"; };
		8892725416CC0E7800C2FCED /* AppDelegate.h */ = {isa = PBXFileReference; lastKnownFileType = sourcecode.c.h; path = AppDelegate.h; sourceTree = "<group>"; };
		8892725516CC0E7800C2FCED /* AppDelegate.m */ = {isa = PBXFileReference; lastKnownFileType = sourcecode.c.objc; path = AppDelegate.m; sourceTree = "<group>"; };
		8892725716CC0E7800C2FCED /* Default.png */ = {isa = PBXFileReference; lastKnownFileType = image.png; path = Default.png; sourceTree = "<group>"; };
		8892725916CC0E7800C2FCED /* Default@2x.png */ = {isa = PBXFileReference; lastKnownFileType = image.png; path = "Default@2x.png"; sourceTree = "<group>"; };
		8892725B16CC0E7800C2FCED /* Default-568h@2x.png */ = {isa = PBXFileReference; lastKnownFileType = image.png; path = "Default-568h@2x.png"; sourceTree = "<group>"; };
		8892725D16CC0E7800C2FCED /* MasterViewController.h */ = {isa = PBXFileReference; lastKnownFileType = sourcecode.c.h; path = MasterViewController.h; sourceTree = "<group>"; };
		8892725E16CC0E7800C2FCED /* MasterViewController.m */ = {isa = PBXFileReference; lastKnownFileType = sourcecode.c.objc; path = MasterViewController.m; sourceTree = "<group>"; };
		8892727516CC0EE100C2FCED /* SystemConfiguration.framework */ = {isa = PBXFileReference; lastKnownFileType = wrapper.framework; name = SystemConfiguration.framework; path = System/Library/Frameworks/SystemConfiguration.framework; sourceTree = SDKROOT; };
		8892727716CC0EE700C2FCED /* MobileCoreServices.framework */ = {isa = PBXFileReference; lastKnownFileType = wrapper.framework; name = MobileCoreServices.framework; path = System/Library/Frameworks/MobileCoreServices.framework; sourceTree = SDKROOT; };
		8892727A16CC0F0C00C2FCED /* AFHTTPClient.h */ = {isa = PBXFileReference; fileEncoding = 4; lastKnownFileType = sourcecode.c.h; path = AFHTTPClient.h; sourceTree = "<group>"; };
		8892727B16CC0F0C00C2FCED /* AFHTTPClient.m */ = {isa = PBXFileReference; fileEncoding = 4; lastKnownFileType = sourcecode.c.objc; path = AFHTTPClient.m; sourceTree = "<group>"; };
		8892727C16CC0F0C00C2FCED /* AFHTTPRequestOperation.h */ = {isa = PBXFileReference; fileEncoding = 4; lastKnownFileType = sourcecode.c.h; path = AFHTTPRequestOperation.h; sourceTree = "<group>"; };
		8892727D16CC0F0C00C2FCED /* AFHTTPRequestOperation.m */ = {isa = PBXFileReference; fileEncoding = 4; lastKnownFileType = sourcecode.c.objc; path = AFHTTPRequestOperation.m; sourceTree = "<group>"; };
		8892727E16CC0F0C00C2FCED /* AFImageRequestOperation.h */ = {isa = PBXFileReference; fileEncoding = 4; lastKnownFileType = sourcecode.c.h; path = AFImageRequestOperation.h; sourceTree = "<group>"; };
		8892727F16CC0F0C00C2FCED /* AFImageRequestOperation.m */ = {isa = PBXFileReference; fileEncoding = 4; lastKnownFileType = sourcecode.c.objc; path = AFImageRequestOperation.m; sourceTree = "<group>"; };
		8892728016CC0F0C00C2FCED /* AFJSONRequestOperation.h */ = {isa = PBXFileReference; fileEncoding = 4; lastKnownFileType = sourcecode.c.h; path = AFJSONRequestOperation.h; sourceTree = "<group>"; };
		8892728116CC0F0C00C2FCED /* AFJSONRequestOperation.m */ = {isa = PBXFileReference; fileEncoding = 4; lastKnownFileType = sourcecode.c.objc; path = AFJSONRequestOperation.m; sourceTree = "<group>"; };
		8892728216CC0F0C00C2FCED /* AFNetworkActivityIndicatorManager.h */ = {isa = PBXFileReference; fileEncoding = 4; lastKnownFileType = sourcecode.c.h; path = AFNetworkActivityIndicatorManager.h; sourceTree = "<group>"; };
		8892728316CC0F0C00C2FCED /* AFNetworkActivityIndicatorManager.m */ = {isa = PBXFileReference; fileEncoding = 4; lastKnownFileType = sourcecode.c.objc; path = AFNetworkActivityIndicatorManager.m; sourceTree = "<group>"; };
		8892728416CC0F0C00C2FCED /* AFNetworking.h */ = {isa = PBXFileReference; fileEncoding = 4; lastKnownFileType = sourcecode.c.h; path = AFNetworking.h; sourceTree = "<group>"; };
		8892728516CC0F0C00C2FCED /* AFPropertyListRequestOperation.h */ = {isa = PBXFileReference; fileEncoding = 4; lastKnownFileType = sourcecode.c.h; path = AFPropertyListRequestOperation.h; sourceTree = "<group>"; };
		8892728616CC0F0C00C2FCED /* AFPropertyListRequestOperation.m */ = {isa = PBXFileReference; fileEncoding = 4; lastKnownFileType = sourcecode.c.objc; path = AFPropertyListRequestOperation.m; sourceTree = "<group>"; };
		8892728716CC0F0C00C2FCED /* AFURLConnectionOperation.h */ = {isa = PBXFileReference; fileEncoding = 4; lastKnownFileType = sourcecode.c.h; path = AFURLConnectionOperation.h; sourceTree = "<group>"; };
		8892728816CC0F0C00C2FCED /* AFURLConnectionOperation.m */ = {isa = PBXFileReference; fileEncoding = 4; lastKnownFileType = sourcecode.c.objc; path = AFURLConnectionOperation.m; sourceTree = "<group>"; };
		8892728916CC0F0C00C2FCED /* AFXMLRequestOperation.h */ = {isa = PBXFileReference; fileEncoding = 4; lastKnownFileType = sourcecode.c.h; path = AFXMLRequestOperation.h; sourceTree = "<group>"; };
		8892728A16CC0F0C00C2FCED /* AFXMLRequestOperation.m */ = {isa = PBXFileReference; fileEncoding = 4; lastKnownFileType = sourcecode.c.objc; path = AFXMLRequestOperation.m; sourceTree = "<group>"; };
		8892728B16CC0F0C00C2FCED /* UIImageView+AFNetworking.h */ = {isa = PBXFileReference; fileEncoding = 4; lastKnownFileType = sourcecode.c.h; path = "UIImageView+AFNetworking.h"; sourceTree = "<group>"; };
		8892728C16CC0F0C00C2FCED /* UIImageView+AFNetworking.m */ = {isa = PBXFileReference; fileEncoding = 4; lastKnownFileType = sourcecode.c.objc; path = "UIImageView+AFNetworking.m"; sourceTree = "<group>"; };
		8892729F16CC11A900C2FCED /* PSProductQuery.h */ = {isa = PBXFileReference; fileEncoding = 4; lastKnownFileType = sourcecode.c.h; path = PSProductQuery.h; sourceTree = "<group>"; };
		889272A016CC11A900C2FCED /* PSProductQuery.m */ = {isa = PBXFileReference; fileEncoding = 4; lastKnownFileType = sourcecode.c.objc; path = PSProductQuery.m; sourceTree = "<group>"; };
		889272A116CC11A900C2FCED /* PSShoppingAPIClient.h */ = {isa = PBXFileReference; fileEncoding = 4; lastKnownFileType = sourcecode.c.h; path = PSShoppingAPIClient.h; sourceTree = "<group>"; };
		889272A216CC11A900C2FCED /* PSShoppingAPIClient.m */ = {isa = PBXFileReference; fileEncoding = 4; lastKnownFileType = sourcecode.c.objc; path = PSShoppingAPIClient.m; sourceTree = "<group>"; };
		889ABAB3170F96AB006364A5 /* PSProductCategory.h */ = {isa = PBXFileReference; fileEncoding = 4; lastKnownFileType = sourcecode.c.h; path = PSProductCategory.h; sourceTree = "<group>"; };
		889ABAB4170F96AC006364A5 /* PSProductCategory.m */ = {isa = PBXFileReference; fileEncoding = 4; lastKnownFileType = sourcecode.c.objc; path = PSProductCategory.m; sourceTree = "<group>"; };
		889ABAB6170F9DFF006364A5 /* PSCategoryTree.h */ = {isa = PBXFileReference; fileEncoding = 4; lastKnownFileType = sourcecode.c.h; path = PSCategoryTree.h; sourceTree = "<group>"; };
		889ABAB7170F9DFF006364A5 /* PSCategoryTree.m */ = {isa = PBXFileReference; fileEncoding = 4; lastKnownFileType = sourcecode.c.objc; path = PSCategoryTree.m; sourceTree = "<group>"; };
		AD54415516CEFE4F00CA6A1C /* BrandsViewController.h */ = {isa = PBXFileReference; fileEncoding = 4; lastKnownFileType = sourcecode.c.h; path = BrandsViewController.h; sourceTree = "<group>"; };
		AD54415616CEFE4F00CA6A1C /* BrandsViewController.m */ = {isa = PBXFileReference; fileEncoding = 4; lastKnownFileType = sourcecode.c.objc; path = BrandsViewController.m; sourceTree = "<group>"; };
		AD54415A16CF0A2D00CA6A1C /* RetailersViewController.h */ = {isa = PBXFileReference; fileEncoding = 4; lastKnownFileType = sourcecode.c.h; path = RetailersViewController.h; sourceTree = "<group>"; };
		AD54415B16CF0A2D00CA6A1C /* RetailersViewController.m */ = {isa = PBXFileReference; fileEncoding = 4; lastKnownFileType = sourcecode.c.objc; path = RetailersViewController.m; sourceTree = "<group>"; };
		AD54415F16CF0A3900CA6A1C /* ColorsViewController.h */ = {isa = PBXFileReference; fileEncoding = 4; lastKnownFileType = sourcecode.c.h; path = ColorsViewController.h; sourceTree = "<group>"; };
		AD54416016CF0A3A00CA6A1C /* ColorsViewController.m */ = {isa = PBXFileReference; fileEncoding = 4; lastKnownFileType = sourcecode.c.objc; path = ColorsViewController.m; sourceTree = "<group>"; };
		AD54416416CF0A8000CA6A1C /* CategoriesViewController.h */ = {isa = PBXFileReference; fileEncoding = 4; lastKnownFileType = sourcecode.c.h; path = CategoriesViewController.h; sourceTree = "<group>"; };
		AD54416516CF0A8000CA6A1C /* CategoriesViewController.m */ = {isa = PBXFileReference; fileEncoding = 4; lastKnownFileType = sourcecode.c.objc; path = CategoriesViewController.m; sourceTree = "<group>"; };
		AD54416916CF17C900CA6A1C /* SearchProductsViewController.h */ = {isa = PBXFileReference; fileEncoding = 4; lastKnownFileType = sourcecode.c.h; path = SearchProductsViewController.h; sourceTree = "<group>"; };
		AD54416A16CF17C900CA6A1C /* SearchProductsViewController.m */ = {isa = PBXFileReference; fileEncoding = 4; lastKnownFileType = sourcecode.c.objc; path = SearchProductsViewController.m; sourceTree = "<group>"; };
		AD54416E16CF181700CA6A1C /* ProductHistogramViewController.h */ = {isa = PBXFileReference; fileEncoding = 4; lastKnownFileType = sourcecode.c.h; path = ProductHistogramViewController.h; sourceTree = "<group>"; };
		AD54416F16CF181800CA6A1C /* ProductHistogramViewController.m */ = {isa = PBXFileReference; fileEncoding = 4; lastKnownFileType = sourcecode.c.objc; path = ProductHistogramViewController.m; sourceTree = "<group>"; };
/* End PBXFileReference section */

/* Begin PBXFrameworksBuildPhase section */
		8892723F16CC0E7800C2FCED /* Frameworks */ = {
			isa = PBXFrameworksBuildPhase;
			buildActionMask = 2147483647;
			files = (
				8892727816CC0EE700C2FCED /* MobileCoreServices.framework in Frameworks */,
				8892727616CC0EE100C2FCED /* SystemConfiguration.framework in Frameworks */,
				8892724616CC0E7800C2FCED /* UIKit.framework in Frameworks */,
				8892724816CC0E7800C2FCED /* Foundation.framework in Frameworks */,
				8892724A16CC0E7800C2FCED /* CoreGraphics.framework in Frameworks */,
			);
			runOnlyForDeploymentPostprocessing = 0;
		};
/* End PBXFrameworksBuildPhase section */

/* Begin PBXGroup section */
		8892723916CC0E7800C2FCED = {
			isa = PBXGroup;
			children = (
				8892724B16CC0E7800C2FCED /* iOS Example */,
				8892727416CC0EC500C2FCED /* Vendor */,
				8892724416CC0E7800C2FCED /* Frameworks */,
				8892724316CC0E7800C2FCED /* Products */,
			);
			sourceTree = "<group>";
		};
		8892724316CC0E7800C2FCED /* Products */ = {
			isa = PBXGroup;
			children = (
				8892724216CC0E7800C2FCED /* iOS Example.app */,
			);
			name = Products;
			sourceTree = "<group>";
		};
		8892724416CC0E7800C2FCED /* Frameworks */ = {
			isa = PBXGroup;
			children = (
				8892727716CC0EE700C2FCED /* MobileCoreServices.framework */,
				8892727516CC0EE100C2FCED /* SystemConfiguration.framework */,
				8892724516CC0E7800C2FCED /* UIKit.framework */,
				8892724716CC0E7800C2FCED /* Foundation.framework */,
				8892724916CC0E7800C2FCED /* CoreGraphics.framework */,
			);
			name = Frameworks;
			sourceTree = "<group>";
		};
		8892724B16CC0E7800C2FCED /* iOS Example */ = {
			isa = PBXGroup;
			children = (
				8892725416CC0E7800C2FCED /* AppDelegate.h */,
				8892725516CC0E7800C2FCED /* AppDelegate.m */,
				8892725D16CC0E7800C2FCED /* MasterViewController.h */,
				8892725E16CC0E7800C2FCED /* MasterViewController.m */,
				AD54416916CF17C900CA6A1C /* SearchProductsViewController.h */,
				AD54416A16CF17C900CA6A1C /* SearchProductsViewController.m */,
				AD54416E16CF181700CA6A1C /* ProductHistogramViewController.h */,
				AD54416F16CF181800CA6A1C /* ProductHistogramViewController.m */,
				AD54415516CEFE4F00CA6A1C /* BrandsViewController.h */,
				AD54415616CEFE4F00CA6A1C /* BrandsViewController.m */,
				AD54415A16CF0A2D00CA6A1C /* RetailersViewController.h */,
				AD54415B16CF0A2D00CA6A1C /* RetailersViewController.m */,
				AD54415F16CF0A3900CA6A1C /* ColorsViewController.h */,
				AD54416016CF0A3A00CA6A1C /* ColorsViewController.m */,
				AD54416416CF0A8000CA6A1C /* CategoriesViewController.h */,
				AD54416516CF0A8000CA6A1C /* CategoriesViewController.m */,
				8892724C16CC0E7800C2FCED /* Supporting Files */,
			);
			path = "iOS Example";
			sourceTree = "<group>";
		};
		8892724C16CC0E7800C2FCED /* Supporting Files */ = {
			isa = PBXGroup;
			children = (
				882146001702275B00DEED11 /* Placeholder.png */,
				882146011702275B00DEED11 /* Placeholder@2x.png */,
				8892724D16CC0E7800C2FCED /* iOS Example-Info.plist */,
				8892724E16CC0E7800C2FCED /* InfoPlist.strings */,
				8892725116CC0E7800C2FCED /* main.m */,
				8892725316CC0E7800C2FCED /* iOS Example-Prefix.pch */,
				8892725716CC0E7800C2FCED /* Default.png */,
				8892725916CC0E7800C2FCED /* Default@2x.png */,
				8892725B16CC0E7800C2FCED /* Default-568h@2x.png */,
			);
			name = "Supporting Files";
			sourceTree = "<group>";
		};
		8892727416CC0EC500C2FCED /* Vendor */ = {
			isa = PBXGroup;
			children = (
				8892729E16CC11A900C2FCED /* PSShoppingAPI */,
				8892727916CC0F0C00C2FCED /* AFNetworking */,
			);
			name = Vendor;
			sourceTree = "<group>";
		};
		8892727916CC0F0C00C2FCED /* AFNetworking */ = {
			isa = PBXGroup;
			children = (
				8892727A16CC0F0C00C2FCED /* AFHTTPClient.h */,
				8892727B16CC0F0C00C2FCED /* AFHTTPClient.m */,
				8892727C16CC0F0C00C2FCED /* AFHTTPRequestOperation.h */,
				8892727D16CC0F0C00C2FCED /* AFHTTPRequestOperation.m */,
				8892727E16CC0F0C00C2FCED /* AFImageRequestOperation.h */,
				8892727F16CC0F0C00C2FCED /* AFImageRequestOperation.m */,
				8892728016CC0F0C00C2FCED /* AFJSONRequestOperation.h */,
				8892728116CC0F0C00C2FCED /* AFJSONRequestOperation.m */,
				8892728216CC0F0C00C2FCED /* AFNetworkActivityIndicatorManager.h */,
				8892728316CC0F0C00C2FCED /* AFNetworkActivityIndicatorManager.m */,
				8892728416CC0F0C00C2FCED /* AFNetworking.h */,
				8892728516CC0F0C00C2FCED /* AFPropertyListRequestOperation.h */,
				8892728616CC0F0C00C2FCED /* AFPropertyListRequestOperation.m */,
				8892728716CC0F0C00C2FCED /* AFURLConnectionOperation.h */,
				8892728816CC0F0C00C2FCED /* AFURLConnectionOperation.m */,
				8892728916CC0F0C00C2FCED /* AFXMLRequestOperation.h */,
				8892728A16CC0F0C00C2FCED /* AFXMLRequestOperation.m */,
				8892728B16CC0F0C00C2FCED /* UIImageView+AFNetworking.h */,
				8892728C16CC0F0C00C2FCED /* UIImageView+AFNetworking.m */,
			);
			name = AFNetworking;
			path = ../../AFNetworking/AFNetworking;
			sourceTree = "<group>";
		};
		8892729E16CC11A900C2FCED /* PSShoppingAPI */ = {
			isa = PBXGroup;
			children = (
				88730A8F16CECD7C0070885F /* PSShoppingAPI.h */,
				889272A116CC11A900C2FCED /* PSShoppingAPIClient.h */,
				889272A216CC11A900C2FCED /* PSShoppingAPIClient.m */,
				8892729F16CC11A900C2FCED /* PSProductQuery.h */,
				889272A016CC11A900C2FCED /* PSProductQuery.m */,
				88730A9316CEF29C0070885F /* PSProductFilter.h */,
				88730A9416CEF29D0070885F /* PSProductFilter.m */,
				88730A7716CEBE210070885F /* PSProduct.h */,
				88730A7816CEBE210070885F /* PSProduct.m */,
				88730A7916CEBE210070885F /* PSProductImage.h */,
				88730A7A16CEBE210070885F /* PSProductImage.m */,
				883AC03E17066237006351B1 /* PSProductSize.h */,
				883AC03F17066237006351B1 /* PSProductSize.m */,
				883AC04117066259006351B1 /* PSProductColor.h */,
				883AC04217066259006351B1 /* PSProductColor.m */,
				889ABAB3170F96AB006364A5 /* PSProductCategory.h */,
				889ABAB4170F96AC006364A5 /* PSProductCategory.m */,
				88730A7316CEBE210070885F /* PSBrand.h */,
				88730A7416CEBE210070885F /* PSBrand.m */,
				889ABAB6170F9DFF006364A5 /* PSCategoryTree.h */,
				889ABAB7170F9DFF006364A5 /* PSCategoryTree.m */,
				88730A7516CEBE210070885F /* PSCategory.h */,
				88730A7616CEBE210070885F /* PSCategory.m */,
				88730A7B16CEBE210070885F /* PSRetailer.h */,
				88730A7C16CEBE210070885F /* PSRetailer.m */,
				88730A9016CEE5B10070885F /* PSColor.h */,
				88730A9116CEE5B20070885F /* PSColor.m */,
			);
			name = PSShoppingAPI;
			path = ../../PSShoppingAPI;
			sourceTree = "<group>";
		};
/* End PBXGroup section */

/* Begin PBXNativeTarget section */
		8892724116CC0E7800C2FCED /* iOS Example */ = {
			isa = PBXNativeTarget;
			buildConfigurationList = 8892727116CC0E7800C2FCED /* Build configuration list for PBXNativeTarget "iOS Example" */;
			buildPhases = (
				8892723E16CC0E7800C2FCED /* Sources */,
				8892723F16CC0E7800C2FCED /* Frameworks */,
				8892724016CC0E7800C2FCED /* Resources */,
			);
			buildRules = (
			);
			dependencies = (
			);
			name = "iOS Example";
			productName = "iOS Example";
			productReference = 8892724216CC0E7800C2FCED /* iOS Example.app */;
			productType = "com.apple.product-type.application";
		};
/* End PBXNativeTarget section */

/* Begin PBXProject section */
		8892723A16CC0E7800C2FCED /* Project object */ = {
			isa = PBXProject;
			attributes = {
				LastUpgradeCheck = 0460;
				ORGANIZATIONNAME = "";
			};
			buildConfigurationList = 8892723D16CC0E7800C2FCED /* Build configuration list for PBXProject "iOS Example" */;
			compatibilityVersion = "Xcode 3.2";
			developmentRegion = English;
			hasScannedForEncodings = 0;
			knownRegions = (
				en,
			);
			mainGroup = 8892723916CC0E7800C2FCED;
			productRefGroup = 8892724316CC0E7800C2FCED /* Products */;
			projectDirPath = "";
			projectRoot = "";
			targets = (
				8892724116CC0E7800C2FCED /* iOS Example */,
			);
		};
/* End PBXProject section */

/* Begin PBXResourcesBuildPhase section */
		8892724016CC0E7800C2FCED /* Resources */ = {
			isa = PBXResourcesBuildPhase;
			buildActionMask = 2147483647;
			files = (
				8892725016CC0E7800C2FCED /* InfoPlist.strings in Resources */,
				8892725816CC0E7800C2FCED /* Default.png in Resources */,
				8892725A16CC0E7800C2FCED /* Default@2x.png in Resources */,
				8892725C16CC0E7800C2FCED /* Default-568h@2x.png in Resources */,
				882146021702275B00DEED11 /* Placeholder.png in Resources */,
				882146031702275B00DEED11 /* Placeholder@2x.png in Resources */,
			);
			runOnlyForDeploymentPostprocessing = 0;
		};
/* End PBXResourcesBuildPhase section */

/* Begin PBXSourcesBuildPhase section */
		8892723E16CC0E7800C2FCED /* Sources */ = {
			isa = PBXSourcesBuildPhase;
			buildActionMask = 2147483647;
			files = (
				8892725216CC0E7800C2FCED /* main.m in Sources */,
				8892725616CC0E7800C2FCED /* AppDelegate.m in Sources */,
				8892725F16CC0E7800C2FCED /* MasterViewController.m in Sources */,
				8892728D16CC0F0C00C2FCED /* AFHTTPClient.m in Sources */,
				8892728E16CC0F0C00C2FCED /* AFHTTPRequestOperation.m in Sources */,
				8892728F16CC0F0C00C2FCED /* AFImageRequestOperation.m in Sources */,
				8892729016CC0F0C00C2FCED /* AFJSONRequestOperation.m in Sources */,
				8892729116CC0F0C00C2FCED /* AFNetworkActivityIndicatorManager.m in Sources */,
				8892729216CC0F0C00C2FCED /* AFPropertyListRequestOperation.m in Sources */,
				8892729316CC0F0C00C2FCED /* AFURLConnectionOperation.m in Sources */,
				8892729416CC0F0C00C2FCED /* AFXMLRequestOperation.m in Sources */,
				8892729516CC0F0C00C2FCED /* UIImageView+AFNetworking.m in Sources */,
				889272A316CC11A900C2FCED /* PSProductQuery.m in Sources */,
				889272A416CC11A900C2FCED /* PSShoppingAPIClient.m in Sources */,
				88730A8616CEBE210070885F /* PSBrand.m in Sources */,
				88730A8716CEBE210070885F /* PSCategory.m in Sources */,
				88730A8816CEBE210070885F /* PSProduct.m in Sources */,
				88730A8916CEBE210070885F /* PSProductImage.m in Sources */,
				88730A8A16CEBE210070885F /* PSRetailer.m in Sources */,
				88730A9216CEE5B20070885F /* PSColor.m in Sources */,
				88730A9516CEF29E0070885F /* PSProductFilter.m in Sources */,
				AD54415816CEFE4F00CA6A1C /* BrandsViewController.m in Sources */,
				AD54415D16CF0A2D00CA6A1C /* RetailersViewController.m in Sources */,
				AD54416216CF0A3A00CA6A1C /* ColorsViewController.m in Sources */,
				AD54416716CF0A8000CA6A1C /* CategoriesViewController.m in Sources */,
				AD54416C16CF17CA00CA6A1C /* SearchProductsViewController.m in Sources */,
				AD54417116CF181800CA6A1C /* ProductHistogramViewController.m in Sources */,
				883AC04017066238006351B1 /* PSProductSize.m in Sources */,
				883AC0431706625A006351B1 /* PSProductColor.m in Sources */,
				889ABAB5170F96AC006364A5 /* PSProductCategory.m in Sources */,
				889ABAB8170F9DFF006364A5 /* PSCategoryTree.m in Sources */,
			);
			runOnlyForDeploymentPostprocessing = 0;
		};
/* End PBXSourcesBuildPhase section */

/* Begin PBXVariantGroup section */
		8892724E16CC0E7800C2FCED /* InfoPlist.strings */ = {
			isa = PBXVariantGroup;
			children = (
				8892724F16CC0E7800C2FCED /* en */,
			);
			name = InfoPlist.strings;
			sourceTree = "<group>";
		};
/* End PBXVariantGroup section */

/* Begin XCBuildConfiguration section */
		8892726F16CC0E7800C2FCED /* Debug */ = {
			isa = XCBuildConfiguration;
			buildSettings = {
				ALWAYS_SEARCH_USER_PATHS = NO;
				CLANG_CXX_LANGUAGE_STANDARD = "gnu++0x";
				CLANG_CXX_LIBRARY = "libc++";
				CLANG_ENABLE_OBJC_ARC = YES;
				CLANG_WARN_CONSTANT_CONVERSION = YES;
				CLANG_WARN_EMPTY_BODY = YES;
				CLANG_WARN_ENUM_CONVERSION = YES;
				CLANG_WARN_INT_CONVERSION = YES;
				CLANG_WARN__DUPLICATE_METHOD_MATCH = YES;
				"CODE_SIGN_IDENTITY[sdk=iphoneos*]" = "iPhone Developer";
				COPY_PHASE_STRIP = NO;
				GCC_C_LANGUAGE_STANDARD = gnu99;
				GCC_DYNAMIC_NO_PIC = NO;
				GCC_OPTIMIZATION_LEVEL = 0;
				GCC_PREPROCESSOR_DEFINITIONS = (
					"DEBUG=1",
					"$(inherited)",
				);
				GCC_SYMBOLS_PRIVATE_EXTERN = NO;
				GCC_WARN_ABOUT_RETURN_TYPE = YES;
				GCC_WARN_UNINITIALIZED_AUTOS = YES;
				GCC_WARN_UNUSED_VARIABLE = YES;
				IPHONEOS_DEPLOYMENT_TARGET = 5.0;
				ONLY_ACTIVE_ARCH = YES;
				SDKROOT = iphoneos;
				TARGETED_DEVICE_FAMILY = "1,2";
			};
			name = Debug;
		};
		8892727016CC0E7800C2FCED /* Release */ = {
			isa = XCBuildConfiguration;
			buildSettings = {
				ALWAYS_SEARCH_USER_PATHS = NO;
				CLANG_CXX_LANGUAGE_STANDARD = "gnu++0x";
				CLANG_CXX_LIBRARY = "libc++";
				CLANG_ENABLE_OBJC_ARC = YES;
				CLANG_WARN_CONSTANT_CONVERSION = YES;
				CLANG_WARN_EMPTY_BODY = YES;
				CLANG_WARN_ENUM_CONVERSION = YES;
				CLANG_WARN_INT_CONVERSION = YES;
				CLANG_WARN__DUPLICATE_METHOD_MATCH = YES;
				"CODE_SIGN_IDENTITY[sdk=iphoneos*]" = "iPhone Developer";
				COPY_PHASE_STRIP = YES;
				GCC_C_LANGUAGE_STANDARD = gnu99;
				GCC_WARN_ABOUT_RETURN_TYPE = YES;
				GCC_WARN_UNINITIALIZED_AUTOS = YES;
				GCC_WARN_UNUSED_VARIABLE = YES;
				IPHONEOS_DEPLOYMENT_TARGET = 5.0;
				OTHER_CFLAGS = "-DNS_BLOCK_ASSERTIONS=1";
				SDKROOT = iphoneos;
				TARGETED_DEVICE_FAMILY = "1,2";
				VALIDATE_PRODUCT = YES;
			};
			name = Release;
		};
		8892727216CC0E7800C2FCED /* Debug */ = {
			isa = XCBuildConfiguration;
			buildSettings = {
				GCC_PRECOMPILE_PREFIX_HEADER = YES;
				GCC_PREFIX_HEADER = "iOS Example/iOS Example-Prefix.pch";
				INFOPLIST_FILE = "iOS Example/iOS Example-Info.plist";
				PRODUCT_NAME = "$(TARGET_NAME)";
				TARGETED_DEVICE_FAMILY = 1;
				WRAPPER_EXTENSION = app;
			};
			name = Debug;
		};
		8892727316CC0E7800C2FCED /* Release */ = {
			isa = XCBuildConfiguration;
			buildSettings = {
				GCC_PRECOMPILE_PREFIX_HEADER = YES;
				GCC_PREFIX_HEADER = "iOS Example/iOS Example-Prefix.pch";
				INFOPLIST_FILE = "iOS Example/iOS Example-Info.plist";
				PRODUCT_NAME = "$(TARGET_NAME)";
				TARGETED_DEVICE_FAMILY = 1;
				WRAPPER_EXTENSION = app;
			};
			name = Release;
		};
/* End XCBuildConfiguration section */

/* Begin XCConfigurationList section */
		8892723D16CC0E7800C2FCED /* Build configuration list for PBXProject "iOS Example" */ = {
			isa = XCConfigurationList;
			buildConfigurations = (
				8892726F16CC0E7800C2FCED /* Debug */,
				8892727016CC0E7800C2FCED /* Release */,
			);
			defaultConfigurationIsVisible = 0;
			defaultConfigurationName = Release;
		};
		8892727116CC0E7800C2FCED /* Build configuration list for PBXNativeTarget "iOS Example" */ = {
			isa = XCConfigurationList;
			buildConfigurations = (
				8892727216CC0E7800C2FCED /* Debug */,
				8892727316CC0E7800C2FCED /* Release */,
			);
			defaultConfigurationIsVisible = 0;
			defaultConfigurationName = Release;
		};
/* End XCConfigurationList section */
	};
	rootObject = 8892723A16CC0E7800C2FCED /* Project object */;
}
